// !$*UTF8*$!
{
	archiveVersion = 1;
	classes = {
	};
	objectVersion = 46;
	objects = {

/* Begin PBXBuildFile section */
		77EEC3E31A8441CB00D7971D /* AppDelegate.swift in Sources */ = {isa = PBXBuildFile; fileRef = 77EEC3E21A8441CB00D7971D /* AppDelegate.swift */; };
		77EEC3E51A8441CB00D7971D /* ViewController.swift in Sources */ = {isa = PBXBuildFile; fileRef = 77EEC3E41A8441CB00D7971D /* ViewController.swift */; };
		77EEC3E81A8441CB00D7971D /* Main.storyboard in Resources */ = {isa = PBXBuildFile; fileRef = 77EEC3E61A8441CB00D7971D /* Main.storyboard */; };
		77EEC3EA1A8441CB00D7971D /* Images.xcassets in Resources */ = {isa = PBXBuildFile; fileRef = 77EEC3E91A8441CB00D7971D /* Images.xcassets */; };
		77EEC3ED1A8441CB00D7971D /* LaunchScreen.xib in Resources */ = {isa = PBXBuildFile; fileRef = 77EEC3EB1A8441CB00D7971D /* LaunchScreen.xib */; };
		77EEC3F91A8441CC00D7971D /* CalculatorTests.swift in Sources */ = {isa = PBXBuildFile; fileRef = 77EEC3F81A8441CC00D7971D /* CalculatorTests.swift */; };
/* End PBXBuildFile section */

/* Begin PBXContainerItemProxy section */
		77EEC3F31A8441CC00D7971D /* PBXContainerItemProxy */ = {
			isa = PBXContainerItemProxy;
			containerPortal = 77EEC3D51A8441CB00D7971D /* Project object */;
			proxyType = 1;
			remoteGlobalIDString = 77EEC3DC1A8441CB00D7971D;
			remoteInfo = Calculator;
		};
/* End PBXContainerItemProxy section */

/* Begin PBXFileReference section */
		77EEC3DD1A8441CB00D7971D /* Calculator.app */ = {isa = PBXFileReference; explicitFileType = wrapper.application; includeInIndex = 0; path = Calculator.app; sourceTree = BUILT_PRODUCTS_DIR; };
		77EEC3E11A8441CB00D7971D /* Info.plist */ = {isa = PBXFileReference; lastKnownFileType = text.plist.xml; path = Info.plist; sourceTree = "<group>"; };
		77EEC3E21A8441CB00D7971D /* AppDelegate.swift */ = {isa = PBXFileReference; lastKnownFileType = sourcecode.swift; path = AppDelegate.swift; sourceTree = "<group>"; };
		77EEC3E41A8441CB00D7971D /* ViewController.swift */ = {isa = PBXFileReference; lastKnownFileType = sourcecode.swift; path = ViewController.swift; sourceTree = "<group>"; };
		77EEC3E71A8441CB00D7971D /* Base */ = {isa = PBXFileReference; lastKnownFileType = file.storyboard; name = Base; path = Base.lproj/Main.storyboard; sourceTree = "<group>"; };
		77EEC3E91A8441CB00D7971D /* Images.xcassets */ = {isa = PBXFileReference; lastKnownFileType = folder.assetcatalog; path = Images.xcassets; sourceTree = "<group>"; };
		77EEC3EC1A8441CB00D7971D /* Base */ = {isa = PBXFileReference; lastKnownFileType = file.xib; name = Base; path = Base.lproj/LaunchScreen.xib; sourceTree = "<group>"; };
		77EEC3F21A8441CC00D7971D /* CalculatorTests.xctest */ = {isa = PBXFileReference; explicitFileType = wrapper.cfbundle; includeInIndex = 0; path = CalculatorTests.xctest; sourceTree = BUILT_PRODUCTS_DIR; };
		77EEC3F71A8441CC00D7971D /* Info.plist */ = {isa = PBXFileReference; lastKnownFileType = text.plist.xml; path = Info.plist; sourceTree = "<group>"; };
		77EEC3F81A8441CC00D7971D /* CalculatorTests.swift */ = {isa = PBXFileReference; lastKnownFileType = sourcecode.swift; path = CalculatorTests.swift; sourceTree = "<group>"; };
/* End PBXFileReference section */

/* Begin PBXFrameworksBuildPhase section */
		77EEC3DA1A8441CB00D7971D /* Frameworks */ = {
			isa = PBXFrameworksBuildPhase;
			buildActionMask = 2147483647;
			files = (
			);
			runOnlyForDeploymentPostprocessing = 0;
		};
		77EEC3EF1A8441CC00D7971D /* Frameworks */ = {
			isa = PBXFrameworksBuildPhase;
			buildActionMask = 2147483647;
			files = (
			);
			runOnlyForDeploymentPostprocessing = 0;
		};
/* End PBXFrameworksBuildPhase section */

/* Begin PBXGroup section */
		77EEC3D41A8441CB00D7971D = {
			isa = PBXGroup;
			children = (
				77EEC3DF1A8441CB00D7971D /* Calculator */,
				77EEC3F51A8441CC00D7971D /* CalculatorTests */,
				77EEC3DE1A8441CB00D7971D /* Products */,
			);
			sourceTree = "<group>";
		};
		77EEC3DE1A8441CB00D7971D /* Products */ = {
			isa = PBXGroup;
			children = (
				77EEC3DD1A8441CB00D7971D /* Calculator.app */,
				77EEC3F21A8441CC00D7971D /* CalculatorTests.xctest */,
			);
			name = Products;
			sourceTree = "<group>";
		};
		77EEC3DF1A8441CB00D7971D /* Calculator */ = {
			isa = PBXGroup;
			children = (
				77EEC3E41A8441CB00D7971D /* ViewController.swift */,
				77EEC3E61A8441CB00D7971D /* Main.storyboard */,
				77EEC3E01A8441CB00D7971D /* Supporting Files */,
			);
			path = Calculator;
			sourceTree = "<group>";
		};
		77EEC3E01A8441CB00D7971D /* Supporting Files */ = {
			isa = PBXGroup;
			children = (
				77EEC3EB1A8441CB00D7971D /* LaunchScreen.xib */,
				77EEC3E91A8441CB00D7971D /* Images.xcassets */,
				77EEC3E21A8441CB00D7971D /* AppDelegate.swift */,
				77EEC3E11A8441CB00D7971D /* Info.plist */,
			);
			name = "Supporting Files";
			sourceTree = "<group>";
		};
		77EEC3F51A8441CC00D7971D /* CalculatorTests */ = {
			isa = PBXGroup;
			children = (
				77EEC3F81A8441CC00D7971D /* CalculatorTests.swift */,
				77EEC3F61A8441CC00D7971D /* Supporting Files */,
			);
			path = CalculatorTests;
			sourceTree = "<group>";
		};
		77EEC3F61A8441CC00D7971D /* Supporting Files */ = {
			isa = PBXGroup;
			children = (
				77EEC3F71A8441CC00D7971D /* Info.plist */,
			);
			name = "Supporting Files";
			sourceTree = "<group>";
		};
/* End PBXGroup section */

/* Begin PBXNativeTarget section */
		77EEC3DC1A8441CB00D7971D /* Calculator */ = {
			isa = PBXNativeTarget;
			buildConfigurationList = 77EEC3FC1A8441CC00D7971D /* Build configuration list for PBXNativeTarget "Calculator" */;
			buildPhases = (
				77EEC3D91A8441CB00D7971D /* Sources */,
				77EEC3DA1A8441CB00D7971D /* Frameworks */,
				77EEC3DB1A8441CB00D7971D /* Resources */,
			);
			buildRules = (
			);
			dependencies = (
			);
			name = Calculator;
			productName = Calculator;
			productReference = 77EEC3DD1A8441CB00D7971D /* Calculator.app */;
			productType = "com.apple.product-type.application";
		};
		77EEC3F11A8441CC00D7971D /* CalculatorTests */ = {
			isa = PBXNativeTarget;
			buildConfigurationList = 77EEC3FF1A8441CC00D7971D /* Build configuration list for PBXNativeTarget "CalculatorTests" */;
			buildPhases = (
				77EEC3EE1A8441CC00D7971D /* Sources */,
				77EEC3EF1A8441CC00D7971D /* Frameworks */,
				77EEC3F01A8441CC00D7971D /* Resources */,
			);
			buildRules = (
			);
			dependencies = (
				77EEC3F41A8441CC00D7971D /* PBXTargetDependency */,
			);
			name = CalculatorTests;
			productName = CalculatorTests;
			productReference = 77EEC3F21A8441CC00D7971D /* CalculatorTests.xctest */;
			productType = "com.apple.product-type.bundle.unit-test";
		};
/* End PBXNativeTarget section */

/* Begin PBXProject section */
		77EEC3D51A8441CB00D7971D /* Project object */ = {
			isa = PBXProject;
			attributes = {
				LastUpgradeCheck = 0610;
				ORGANIZATIONNAME = "Gaiax Asia";
				TargetAttributes = {
					77EEC3DC1A8441CB00D7971D = {
						CreatedOnToolsVersion = 6.1.1;
					};
					77EEC3F11A8441CC00D7971D = {
						CreatedOnToolsVersion = 6.1.1;
						TestTargetID = 77EEC3DC1A8441CB00D7971D;
					};
				};
			};
			buildConfigurationList = 77EEC3D81A8441CB00D7971D /* Build configuration list for PBXProject "Calculator" */;
			compatibilityVersion = "Xcode 3.2";
			developmentRegion = English;
			hasScannedForEncodings = 0;
			knownRegions = (
				en,
				Base,
			);
			mainGroup = 77EEC3D41A8441CB00D7971D;
			productRefGroup = 77EEC3DE1A8441CB00D7971D /* Products */;
			projectDirPath = "";
			projectRoot = "";
			targets = (
				77EEC3DC1A8441CB00D7971D /* Calculator */,
				77EEC3F11A8441CC00D7971D /* CalculatorTests */,
			);
		};
/* End PBXProject section */

/* Begin PBXResourcesBuildPhase section */
		77EEC3DB1A8441CB00D7971D /* Resources */ = {
			isa = PBXResourcesBuildPhase;
			buildActionMask = 2147483647;
			files = (
				77EEC3E81A8441CB00D7971D /* Main.storyboard in Resources */,
				77EEC3ED1A8441CB00D7971D /* LaunchScreen.xib in Resources */,
				77EEC3EA1A8441CB00D7971D /* Images.xcassets in Resources */,
			);
			runOnlyForDeploymentPostprocessing = 0;
		};
		77EEC3F01A8441CC00D7971D /* Resources */ = {
			isa = PBXResourcesBuildPhase;
			buildActionMask = 2147483647;
			files = (
			);
			runOnlyForDeploymentPostprocessing = 0;
		};
/* End PBXResourcesBuildPhase section */

/* Begin PBXSourcesBuildPhase section */
		77EEC3D91A8441CB00D7971D /* Sources */ = {
			isa = PBXSourcesBuildPhase;
			buildActionMask = 2147483647;
			files = (
				77EEC3E51A8441CB00D7971D /* ViewController.swift in Sources */,
				77EEC3E31A8441CB00D7971D /* AppDelegate.swift in Sources */,
			);
			runOnlyForDeploymentPostprocessing = 0;
		};
		77EEC3EE1A8441CC00D7971D /* Sources */ = {
			isa = PBXSourcesBuildPhase;
			buildActionMask = 2147483647;
			files = (
				77EEC3F91A8441CC00D7971D /* CalculatorTests.swift in Sources */,
			);
			runOnlyForDeploymentPostprocessing = 0;
		};
/* End PBXSourcesBuildPhase section */

/* Begin PBXTargetDependency section */
		77EEC3F41A8441CC00D7971D /* PBXTargetDependency */ = {
			isa = PBXTargetDependency;
			target = 77EEC3DC1A8441CB00D7971D /* Calculator */;
			targetProxy = 77EEC3F31A8441CC00D7971D /* PBXContainerItemProxy */;
		};
/* End PBXTargetDependency section */

/* Begin PBXVariantGroup section */
		77EEC3E61A8441CB00D7971D /* Main.storyboard */ = {
			isa = PBXVariantGroup;
			children = (
				77EEC3E71A8441CB00D7971D /* Base */,
			);
			name = Main.storyboard;
			sourceTree = "<group>";
		};
		77EEC3EB1A8441CB00D7971D /* LaunchScreen.xib */ = {
			isa = PBXVariantGroup;
			children = (
				77EEC3EC1A8441CB00D7971D /* Base */,
			);
			name = LaunchScreen.xib;
			sourceTree = "<group>";
		};
/* End PBXVariantGroup section */

/* Begin XCBuildConfiguration section */
		77EEC3FA1A8441CC00D7971D /* Debug */ = {
			isa = XCBuildConfiguration;
			buildSettings = {
				ALWAYS_SEARCH_USER_PATHS = NO;
				CLANG_CXX_LANGUAGE_STANDARD = "gnu++0x";
				CLANG_CXX_LIBRARY = "libc++";
				CLANG_ENABLE_MODULES = YES;
				CLANG_ENABLE_OBJC_ARC = YES;
				CLANG_WARN_BOOL_CONVERSION = YES;
				CLANG_WARN_CONSTANT_CONVERSION = YES;
				CLANG_WARN_DIRECT_OBJC_ISA_USAGE = YES_ERROR;
				CLANG_WARN_EMPTY_BODY = YES;
				CLANG_WARN_ENUM_CONVERSION = YES;
				CLANG_WARN_INT_CONVERSION = YES;
				CLANG_WARN_OBJC_ROOT_CLASS = YES_ERROR;
				CLANG_WARN_UNREACHABLE_CODE = YES;
				CLANG_WARN__DUPLICATE_METHOD_MATCH = YES;
				"CODE_SIGN_IDENTITY[sdk=iphoneos*]" = "iPhone Developer";
				COPY_PHASE_STRIP = NO;
				ENABLE_STRICT_OBJC_MSGSEND = YES;
				GCC_C_LANGUAGE_STANDARD = gnu99;
				GCC_DYNAMIC_NO_PIC = NO;
				GCC_OPTIMIZATION_LEVEL = 0;
				GCC_PREPROCESSOR_DEFINITIONS = (
					"DEBUG=1",
					"$(inherited)",
				);
				GCC_SYMBOLS_PRIVATE_EXTERN = NO;
				GCC_WARN_64_TO_32_BIT_CONVERSION = YES;
				GCC_WARN_ABOUT_RETURN_TYPE = YES_ERROR;
				GCC_WARN_UNDECLARED_SELECTOR = YES;
				GCC_WARN_UNINITIALIZED_AUTOS = YES_AGGRESSIVE;
				GCC_WARN_UNUSED_FUNCTION = YES;
				GCC_WARN_UNUSED_VARIABLE = YES;
				IPHONEOS_DEPLOYMENT_TARGET = 8.1;
				MTL_ENABLE_DEBUG_INFO = YES;
				ONLY_ACTIVE_ARCH = YES;
				SDKROOT = iphoneos;
				SWIFT_OPTIMIZATION_LEVEL = "-Onone";
				TARGETED_DEVICE_FAMILY = "1,2";
			};
			name = Debug;
		};
		77EEC3FB1A8441CC00D7971D /* Release */ = {
			isa = XCBuildConfiguration;
			buildSettings = {
				ALWAYS_SEARCH_USER_PATHS = NO;
				CLANG_CXX_LANGUAGE_STANDARD = "gnu++0x";
				CLANG_CXX_LIBRARY = "libc++";
				CLANG_ENABLE_MODULES = YES;
				CLANG_ENABLE_OBJC_ARC = YES;
				CLANG_WARN_BOOL_CONVERSION = YES;
				CLANG_WARN_CONSTANT_CONVERSION = YES;
				CLANG_WARN_DIRECT_OBJC_ISA_USAGE = YES_ERROR;
				CLANG_WARN_EMPTY_BODY = YES;
				CLANG_WARN_ENUM_CONVERSION = YES;
				CLANG_WARN_INT_CONVERSION = YES;
				CLANG_WARN_OBJC_ROOT_CLASS = YES_ERROR;
				CLANG_WARN_UNREACHABLE_CODE = YES;
				CLANG_WARN__DUPLICATE_METHOD_MATCH = YES;
				"CODE_SIGN_IDENTITY[sdk=iphoneos*]" = "iPhone Developer";
				COPY_PHASE_STRIP = YES;
				ENABLE_NS_ASSERTIONS = NO;
				ENABLE_STRICT_OBJC_MSGSEND = YES;
				GCC_C_LANGUAGE_STANDARD = gnu99;
				GCC_WARN_64_TO_32_BIT_CONVERSION = YES;
				GCC_WARN_ABOUT_RETURN_TYPE = YES_ERROR;
				GCC_WARN_UNDECLARED_SELECTOR = YES;
				GCC_WARN_UNINITIALIZED_AUTOS = YES_AGGRESSIVE;
				GCC_WARN_UNUSED_FUNCTION = YES;
				GCC_WARN_UNUSED_VARIABLE = YES;
				IPHONEOS_DEPLOYMENT_TARGET = 8.1;
				MTL_ENABLE_DEBUG_INFO = NO;
				SDKROOT = iphoneos;
				TARGETED_DEVICE_FAMILY = "1,2";
				VALIDATE_PRODUCT = YES;
			};
			name = Release;
		};
		77EEC3FD1A8441CC00D7971D /* Debug */ = {
			isa = XCBuildConfiguration;
			buildSettings = {
				ASSETCATALOG_COMPILER_APPICON_NAME = AppIcon;
				INFOPLIST_FILE = Calculator/Info.plist;
				LD_RUNPATH_SEARCH_PATHS = "$(inherited) @executable_path/Frameworks";
				PRODUCT_NAME = "$(TARGET_NAME)";
			};
			name = Debug;
		};
		77EEC3FE1A8441CC00D7971D /* Release */ = {
			isa = XCBuildConfiguration;
			buildSettings = {
				ASSETCATALOG_COMPILER_APPICON_NAME = AppIcon;
				INFOPLIST_FILE = Calculator/Info.plist;
				LD_RUNPATH_SEARCH_PATHS = "$(inherited) @executable_path/Frameworks";
				PRODUCT_NAME = "$(TARGET_NAME)";
			};
			name = Release;
		};
		77EEC4001A8441CC00D7971D /* Debug */ = {
			isa = XCBuildConfiguration;
			buildSettings = {
				BUNDLE_LOADER = "$(TEST_HOST)";
				FRAMEWORK_SEARCH_PATHS = (
					"$(SDKROOT)/Developer/Library/Frameworks",
					"$(inherited)",
				);
				GCC_PREPROCESSOR_DEFINITIONS = (
					"DEBUG=1",
					"$(inherited)",
				);
				INFOPLIST_FILE = CalculatorTests/Info.plist;
				LD_RUNPATH_SEARCH_PATHS = "$(inherited) @executable_path/Frameworks @loader_path/Frameworks";
				PRODUCT_NAME = "$(TARGET_NAME)";
				TEST_HOST = "$(BUILT_PRODUCTS_DIR)/Calculator.app/Calculator";
			};
			name = Debug;
		};
		77EEC4011A8441CC00D7971D /* Release */ = {
			isa = XCBuildConfiguration;
			buildSettings = {
				BUNDLE_LOADER = "$(TEST_HOST)";
				FRAMEWORK_SEARCH_PATHS = (
					"$(SDKROOT)/Developer/Library/Frameworks",
					"$(inherited)",
				);
				INFOPLIST_FILE = CalculatorTests/Info.plist;
				LD_RUNPATH_SEARCH_PATHS = "$(inherited) @executable_path/Frameworks @loader_path/Frameworks";
				PRODUCT_NAME = "$(TARGET_NAME)";
				TEST_HOST = "$(BUILT_PRODUCTS_DIR)/Calculator.app/Calculator";
			};
			name = Release;
		};
/* End XCBuildConfiguration section */

/* Begin XCConfigurationList section */
		77EEC3D81A8441CB00D7971D /* Build configuration list for PBXProject "Calculator" */ = {
			isa = XCConfigurationList;
			buildConfigurations = (
				77EEC3FA1A8441CC00D7971D /* Debug */,
				77EEC3FB1A8441CC00D7971D /* Release */,
			);
			defaultConfigurationIsVisible = 0;
			defaultConfigurationName = Release;
		};
		77EEC3FC1A8441CC00D7971D /* Build configuration list for PBXNativeTarget "Calculator" */ = {
			isa = XCConfigurationList;
			buildConfigurations = (
				77EEC3FD1A8441CC00D7971D /* Debug */,
				77EEC3FE1A8441CC00D7971D /* Release */,
			);
			defaultConfigurationIsVisible = 0;
		};
		77EEC3FF1A8441CC00D7971D /* Build configuration list for PBXNativeTarget "CalculatorTests" */ = {
			isa = XCConfigurationList;
			buildConfigurations = (
				77EEC4001A8441CC00D7971D /* Debug */,
				77EEC4011A8441CC00D7971D /* Release */,
			);
			defaultConfigurationIsVisible = 0;
		};
/* End XCConfigurationList section */
	};
	rootObject = 77EEC3D51A8441CB00D7971D /* Project object */;
}
